
Microsoft Visual Studio Solution File, Format Version 12.00
# Visual Studio Version 16
VisualStudioVersion = 16.0.28803.452
MinimumVisualStudioVersion = 10.0.40219.1
Project("{888888A0-9F3D-457C-B088-3A5042F75D52}") = "NasdaqSpider", "PythonApplication1\NasdaqSpider.pyproj", "{34A03BD7-BC77-4829-B758-0FCEAB38F7BC}"
EndProject
Global
	GlobalSection(SolutionConfigurationPlatforms) = preSolution
		Debug|Any CPU = Debug|Any CPU
		Release|Any CPU = Release|Any CPU
	EndGlobalSection
	GlobalSection(ProjectConfigurationPlatforms) = postSolution
		{34A03BD7-BC77-4829-B758-0FCEAB38F7BC}.Debug|Any CPU.ActiveCfg = Debug|Any CPU
		{34A03BD7-BC77-4829-B758-0FCEAB38F7BC}.Release|Any CPU.ActiveCfg = Release|Any CPU
	EndGlobalSection
	GlobalSection(SolutionProperties) = preSolution
		HideSolutionNode = FALSE
	EndGlobalSection
	GlobalSection(ExtensibilityGlobals) = postSolution
		SolutionGuid = {233C04AE-800B-4FE6-910A-A372DC8D28C2}
	EndGlobalSection
EndGlobal
